// !$*UTF8*$!
{
	archiveVersion = 1;
	classes = {
	};
	objectVersion = 50;
	objects = {

/* Begin PBXBuildFile section */
		5A7DFC6323790B6600EE2363 /* AppDelegate.m in Sources */ = {isa = PBXBuildFile; fileRef = 5A7DFC6223790B6600EE2363 /* AppDelegate.m */; };
		5A7DFC6623790B6600EE2363 /* SceneDelegate.m in Sources */ = {isa = PBXBuildFile; fileRef = 5A7DFC6523790B6600EE2363 /* SceneDelegate.m */; };
		5A7DFC6923790B6600EE2363 /* ViewController.m in Sources */ = {isa = PBXBuildFile; fileRef = 5A7DFC6823790B6600EE2363 /* ViewController.m */; };
		5A7DFC6C23790B6600EE2363 /* Main.storyboard in Resources */ = {isa = PBXBuildFile; fileRef = 5A7DFC6A23790B6600EE2363 /* Main.storyboard */; };
		5A7DFC6F23790B6600EE2363 /* mei_demo66.xcdatamodeld in Sources */ = {isa = PBXBuildFile; fileRef = 5A7DFC6D23790B6600EE2363 /* mei_demo66.xcdatamodeld */; };
		5A7DFC7123790B6700EE2363 /* Assets.xcassets in Resources */ = {isa = PBXBuildFile; fileRef = 5A7DFC7023790B6700EE2363 /* Assets.xcassets */; };
		5A7DFC7423790B6700EE2363 /* LaunchScreen.storyboard in Resources */ = {isa = PBXBuildFile; fileRef = 5A7DFC7223790B6700EE2363 /* LaunchScreen.storyboard */; };
		5A7DFC7723790B6700EE2363 /* main.m in Sources */ = {isa = PBXBuildFile; fileRef = 5A7DFC7623790B6700EE2363 /* main.m */; };
		5A7DFC8123790B6700EE2363 /* mei_demo66Tests.m in Sources */ = {isa = PBXBuildFile; fileRef = 5A7DFC8023790B6700EE2363 /* mei_demo66Tests.m */; };
		5A7DFC8C23790B6700EE2363 /* mei_demo66UITests.m in Sources */ = {isa = PBXBuildFile; fileRef = 5A7DFC8B23790B6700EE2363 /* mei_demo66UITests.m */; };
		5A7DFC9B237924AB00EE2363 /* SceneBViewController.m in Sources */ = {isa = PBXBuildFile; fileRef = 5A7DFC9A237924AB00EE2363 /* SceneBViewController.m */; };
/* End PBXBuildFile section */

/* Begin PBXContainerItemProxy section */
		5A7DFC7D23790B6700EE2363 /* PBXContainerItemProxy */ = {
			isa = PBXContainerItemProxy;
			containerPortal = 5A7DFC5623790B6600EE2363 /* Project object */;
			proxyType = 1;
			remoteGlobalIDString = 5A7DFC5D23790B6600EE2363;
			remoteInfo = "mei-demo66";
		};
		5A7DFC8823790B6700EE2363 /* PBXContainerItemProxy */ = {
			isa = PBXContainerItemProxy;
			containerPortal = 5A7DFC5623790B6600EE2363 /* Project object */;
			proxyType = 1;
			remoteGlobalIDString = 5A7DFC5D23790B6600EE2363;
			remoteInfo = "mei-demo66";
		};
/* End PBXContainerItemProxy section */

/* Begin PBXFileReference section */
		5A7DFC5E23790B6600EE2363 /* mei-demo66.app */ = {isa = PBXFileReference; explicitFileType = wrapper.application; includeInIndex = 0; path = "mei-demo66.app"; sourceTree = BUILT_PRODUCTS_DIR; };
		5A7DFC6123790B6600EE2363 /* AppDelegate.h */ = {isa = PBXFileReference; lastKnownFileType = sourcecode.c.h; path = AppDelegate.h; sourceTree = "<group>"; };
		5A7DFC6223790B6600EE2363 /* AppDelegate.m */ = {isa = PBXFileReference; lastKnownFileType = sourcecode.c.objc; path = AppDelegate.m; sourceTree = "<group>"; };
		5A7DFC6423790B6600EE2363 /* SceneDelegate.h */ = {isa = PBXFileReference; lastKnownFileType = sourcecode.c.h; path = SceneDelegate.h; sourceTree = "<group>"; };
		5A7DFC6523790B6600EE2363 /* SceneDelegate.m */ = {isa = PBXFileReference; lastKnownFileType = sourcecode.c.objc; path = SceneDelegate.m; sourceTree = "<group>"; };
		5A7DFC6723790B6600EE2363 /* ViewController.h */ = {isa = PBXFileReference; lastKnownFileType = sourcecode.c.h; path = ViewController.h; sourceTree = "<group>"; };
		5A7DFC6823790B6600EE2363 /* ViewController.m */ = {isa = PBXFileReference; lastKnownFileType = sourcecode.c.objc; path = ViewController.m; sourceTree = "<group>"; };
		5A7DFC6B23790B6600EE2363 /* Base */ = {isa = PBXFileReference; lastKnownFileType = file.storyboard; name = Base; path = Base.lproj/Main.storyboard; sourceTree = "<group>"; };
		5A7DFC6E23790B6600EE2363 /* mei_demo66.xcdatamodel */ = {isa = PBXFileReference; lastKnownFileType = wrapper.xcdatamodel; path = mei_demo66.xcdatamodel; sourceTree = "<group>"; };
		5A7DFC7023790B6700EE2363 /* Assets.xcassets */ = {isa = PBXFileReference; lastKnownFileType = folder.assetcatalog; path = Assets.xcassets; sourceTree = "<group>"; };
		5A7DFC7323790B6700EE2363 /* Base */ = {isa = PBXFileReference; lastKnownFileType = file.storyboard; name = Base; path = Base.lproj/LaunchScreen.storyboard; sourceTree = "<group>"; };
		5A7DFC7523790B6700EE2363 /* Info.plist */ = {isa = PBXFileReference; lastKnownFileType = text.plist.xml; path = Info.plist; sourceTree = "<group>"; };
		5A7DFC7623790B6700EE2363 /* main.m */ = {isa = PBXFileReference; lastKnownFileType = sourcecode.c.objc; path = main.m; sourceTree = "<group>"; };
		5A7DFC7C23790B6700EE2363 /* mei-demo66Tests.xctest */ = {isa = PBXFileReference; explicitFileType = wrapper.cfbundle; includeInIndex = 0; path = "mei-demo66Tests.xctest"; sourceTree = BUILT_PRODUCTS_DIR; };
		5A7DFC8023790B6700EE2363 /* mei_demo66Tests.m */ = {isa = PBXFileReference; lastKnownFileType = sourcecode.c.objc; path = mei_demo66Tests.m; sourceTree = "<group>"; };
		5A7DFC8223790B6700EE2363 /* Info.plist */ = {isa = PBXFileReference; lastKnownFileType = text.plist.xml; path = Info.plist; sourceTree = "<group>"; };
		5A7DFC8723790B6700EE2363 /* mei-demo66UITests.xctest */ = {isa = PBXFileReference; explicitFileType = wrapper.cfbundle; includeInIndex = 0; path = "mei-demo66UITests.xctest"; sourceTree = BUILT_PRODUCTS_DIR; };
		5A7DFC8B23790B6700EE2363 /* mei_demo66UITests.m */ = {isa = PBXFileReference; lastKnownFileType = sourcecode.c.objc; path = mei_demo66UITests.m; sourceTree = "<group>"; };
		5A7DFC8D23790B6700EE2363 /* Info.plist */ = {isa = PBXFileReference; lastKnownFileType = text.plist.xml; path = Info.plist; sourceTree = "<group>"; };
		5A7DFC99237924AB00EE2363 /* SceneBViewController.h */ = {isa = PBXFileReference; lastKnownFileType = sourcecode.c.h; path = SceneBViewController.h; sourceTree = "<group>"; };
		5A7DFC9A237924AB00EE2363 /* SceneBViewController.m */ = {isa = PBXFileReference; lastKnownFileType = sourcecode.c.objc; path = SceneBViewController.m; sourceTree = "<group>"; };
/* End PBXFileReference section */

/* Begin PBXFrameworksBuildPhase section */
		5A7DFC5B23790B6600EE2363 /* Frameworks */ = {
			isa = PBXFrameworksBuildPhase;
			buildActionMask = 2147483647;
			files = (
			);
			runOnlyForDeploymentPostprocessing = 0;
		};
		5A7DFC7923790B6700EE2363 /* Frameworks */ = {
			isa = PBXFrameworksBuildPhase;
			buildActionMask = 2147483647;
			files = (
			);
			runOnlyForDeploymentPostprocessing = 0;
		};
		5A7DFC8423790B6700EE2363 /* Frameworks */ = {
			isa = PBXFrameworksBuildPhase;
			buildActionMask = 2147483647;
			files = (
			);
			runOnlyForDeploymentPostprocessing = 0;
		};
/* End PBXFrameworksBuildPhase section */

/* Begin PBXGroup section */
		5A7DFC5523790B6600EE2363 = {
			isa = PBXGroup;
			children = (
				5A7DFC6023790B6600EE2363 /* mei-demo66 */,
				5A7DFC7F23790B6700EE2363 /* mei-demo66Tests */,
				5A7DFC8A23790B6700EE2363 /* mei-demo66UITests */,
				5A7DFC5F23790B6600EE2363 /* Products */,
			);
			sourceTree = "<group>";
		};
		5A7DFC5F23790B6600EE2363 /* Products */ = {
			isa = PBXGroup;
			children = (
				5A7DFC5E23790B6600EE2363 /* mei-demo66.app */,
				5A7DFC7C23790B6700EE2363 /* mei-demo66Tests.xctest */,
				5A7DFC8723790B6700EE2363 /* mei-demo66UITests.xctest */,
			);
			name = Products;
			sourceTree = "<group>";
		};
		5A7DFC6023790B6600EE2363 /* mei-demo66 */ = {
			isa = PBXGroup;
			children = (
				5A7DFC6123790B6600EE2363 /* AppDelegate.h */,
				5A7DFC6223790B6600EE2363 /* AppDelegate.m */,
				5A7DFC6423790B6600EE2363 /* SceneDelegate.h */,
				5A7DFC6523790B6600EE2363 /* SceneDelegate.m */,
				5A7DFC6723790B6600EE2363 /* ViewController.h */,
				5A7DFC6823790B6600EE2363 /* ViewController.m */,
				5A7DFC6A23790B6600EE2363 /* Main.storyboard */,
				5A7DFC7023790B6700EE2363 /* Assets.xcassets */,
				5A7DFC7223790B6700EE2363 /* LaunchScreen.storyboard */,
				5A7DFC7523790B6700EE2363 /* Info.plist */,
				5A7DFC7623790B6700EE2363 /* main.m */,
				5A7DFC6D23790B6600EE2363 /* mei_demo66.xcdatamodeld */,
				5A7DFC99237924AB00EE2363 /* SceneBViewController.h */,
				5A7DFC9A237924AB00EE2363 /* SceneBViewController.m */,
			);
			path = "mei-demo66";
			sourceTree = "<group>";
		};
		5A7DFC7F23790B6700EE2363 /* mei-demo66Tests */ = {
			isa = PBXGroup;
			children = (
				5A7DFC8023790B6700EE2363 /* mei_demo66Tests.m */,
				5A7DFC8223790B6700EE2363 /* Info.plist */,
			);
			path = "mei-demo66Tests";
			sourceTree = "<group>";
		};
		5A7DFC8A23790B6700EE2363 /* mei-demo66UITests */ = {
			isa = PBXGroup;
			children = (
				5A7DFC8B23790B6700EE2363 /* mei_demo66UITests.m */,
				5A7DFC8D23790B6700EE2363 /* Info.plist */,
			);
			path = "mei-demo66UITests";
			sourceTree = "<group>";
		};
/* End PBXGroup section */

/* Begin PBXNativeTarget section */
		5A7DFC5D23790B6600EE2363 /* mei-demo66 */ = {
			isa = PBXNativeTarget;
			buildConfigurationList = 5A7DFC9023790B6700EE2363 /* Build configuration list for PBXNativeTarget "mei-demo66" */;
			buildPhases = (
				5A7DFC5A23790B6600EE2363 /* Sources */,
				5A7DFC5B23790B6600EE2363 /* Frameworks */,
				5A7DFC5C23790B6600EE2363 /* Resources */,
			);
			buildRules = (
			);
			dependencies = (
			);
			name = "mei-demo66";
			productName = "mei-demo66";
			productReference = 5A7DFC5E23790B6600EE2363 /* mei-demo66.app */;
			productType = "com.apple.product-type.application";
		};
		5A7DFC7B23790B6700EE2363 /* mei-demo66Tests */ = {
			isa = PBXNativeTarget;
			buildConfigurationList = 5A7DFC9323790B6700EE2363 /* Build configuration list for PBXNativeTarget "mei-demo66Tests" */;
			buildPhases = (
				5A7DFC7823790B6700EE2363 /* Sources */,
				5A7DFC7923790B6700EE2363 /* Frameworks */,
				5A7DFC7A23790B6700EE2363 /* Resources */,
			);
			buildRules = (
			);
			dependencies = (
				5A7DFC7E23790B6700EE2363 /* PBXTargetDependency */,
			);
			name = "mei-demo66Tests";
			productName = "mei-demo66Tests";
			productReference = 5A7DFC7C23790B6700EE2363 /* mei-demo66Tests.xctest */;
			productType = "com.apple.product-type.bundle.unit-test";
		};
		5A7DFC8623790B6700EE2363 /* mei-demo66UITests */ = {
			isa = PBXNativeTarget;
			buildConfigurationList = 5A7DFC9623790B6700EE2363 /* Build configuration list for PBXNativeTarget "mei-demo66UITests" */;
			buildPhases = (
				5A7DFC8323790B6700EE2363 /* Sources */,
				5A7DFC8423790B6700EE2363 /* Frameworks */,
				5A7DFC8523790B6700EE2363 /* Resources */,
			);
			buildRules = (
			);
			dependencies = (
				5A7DFC8923790B6700EE2363 /* PBXTargetDependency */,
			);
			name = "mei-demo66UITests";
			productName = "mei-demo66UITests";
			productReference = 5A7DFC8723790B6700EE2363 /* mei-demo66UITests.xctest */;
			productType = "com.apple.product-type.bundle.ui-testing";
		};
/* End PBXNativeTarget section */

/* Begin PBXProject section */
		5A7DFC5623790B6600EE2363 /* Project object */ = {
			isa = PBXProject;
			attributes = {
				LastUpgradeCheck = 1120;
				ORGANIZATIONNAME = "徐彦军";
				TargetAttributes = {
					5A7DFC5D23790B6600EE2363 = {
						CreatedOnToolsVersion = 11.2;
					};
					5A7DFC7B23790B6700EE2363 = {
						CreatedOnToolsVersion = 11.2;
						TestTargetID = 5A7DFC5D23790B6600EE2363;
					};
					5A7DFC8623790B6700EE2363 = {
						CreatedOnToolsVersion = 11.2;
						TestTargetID = 5A7DFC5D23790B6600EE2363;
					};
				};
			};
			buildConfigurationList = 5A7DFC5923790B6600EE2363 /* Build configuration list for PBXProject "mei-demo66" */;
			compatibilityVersion = "Xcode 9.3";
			developmentRegion = en;
			hasScannedForEncodings = 0;
			knownRegions = (
				en,
				Base,
			);
			mainGroup = 5A7DFC5523790B6600EE2363;
			productRefGroup = 5A7DFC5F23790B6600EE2363 /* Products */;
			projectDirPath = "";
			projectRoot = "";
			targets = (
				5A7DFC5D23790B6600EE2363 /* mei-demo66 */,
				5A7DFC7B23790B6700EE2363 /* mei-demo66Tests */,
				5A7DFC8623790B6700EE2363 /* mei-demo66UITests */,
			);
		};
/* End PBXProject section */

/* Begin PBXResourcesBuildPhase section */
		5A7DFC5C23790B6600EE2363 /* Resources */ = {
			isa = PBXResourcesBuildPhase;
			buildActionMask = 2147483647;
			files = (
				5A7DFC7423790B6700EE2363 /* LaunchScreen.storyboard in Resources */,
				5A7DFC7123790B6700EE2363 /* Assets.xcassets in Resources */,
				5A7DFC6C23790B6600EE2363 /* Main.storyboard in Resources */,
			);
			runOnlyForDeploymentPostprocessing = 0;
		};
		5A7DFC7A23790B6700EE2363 /* Resources */ = {
			isa = PBXResourcesBuildPhase;
			buildActionMask = 2147483647;
			files = (
			);
			runOnlyForDeploymentPostprocessing = 0;
		};
		5A7DFC8523790B6700EE2363 /* Resources */ = {
			isa = PBXResourcesBuildPhase;
			buildActionMask = 2147483647;
			files = (
			);
			runOnlyForDeploymentPostprocessing = 0;
		};
/* End PBXResourcesBuildPhase section */

/* Begin PBXSourcesBuildPhase section */
		5A7DFC5A23790B6600EE2363 /* Sources */ = {
			isa = PBXSourcesBuildPhase;
			buildActionMask = 2147483647;
			files = (
				5A7DFC7723790B6700EE2363 /* main.m in Sources */,
				5A7DFC6923790B6600EE2363 /* ViewController.m in Sources */,
				5A7DFC9B237924AB00EE2363 /* SceneBViewController.m in Sources */,
				5A7DFC6323790B6600EE2363 /* AppDelegate.m in Sources */,
				5A7DFC6F23790B6600EE2363 /* mei_demo66.xcdatamodeld in Sources */,
				5A7DFC6623790B6600EE2363 /* SceneDelegate.m in Sources */,
			);
			runOnlyForDeploymentPostprocessing = 0;
		};
		5A7DFC7823790B6700EE2363 /* Sources */ = {
			isa = PBXSourcesBuildPhase;
			buildActionMask = 2147483647;
			files = (
				5A7DFC8123790B6700EE2363 /* mei_demo66Tests.m in Sources */,
			);
			runOnlyForDeploymentPostprocessing = 0;
		};
		5A7DFC8323790B6700EE2363 /* Sources */ = {
			isa = PBXSourcesBuildPhase;
			buildActionMask = 2147483647;
			files = (
				5A7DFC8C23790B6700EE2363 /* mei_demo66UITests.m in Sources */,
			);
			runOnlyForDeploymentPostprocessing = 0;
		};
/* End PBXSourcesBuildPhase section */

/* Begin PBXTargetDependency section */
		5A7DFC7E23790B6700EE2363 /* PBXTargetDependency */ = {
			isa = PBXTargetDependency;
			target = 5A7DFC5D23790B6600EE2363 /* mei-demo66 */;
			targetProxy = 5A7DFC7D23790B6700EE2363 /* PBXContainerItemProxy */;
		};
		5A7DFC8923790B6700EE2363 /* PBXTargetDependency */ = {
			isa = PBXTargetDependency;
			target = 5A7DFC5D23790B6600EE2363 /* mei-demo66 */;
			targetProxy = 5A7DFC8823790B6700EE2363 /* PBXContainerItemProxy */;
		};
/* End PBXTargetDependency section */

/* Begin PBXVariantGroup section */
		5A7DFC6A23790B6600EE2363 /* Main.storyboard */ = {
			isa = PBXVariantGroup;
			children = (
				5A7DFC6B23790B6600EE2363 /* Base */,
			);
			name = Main.storyboard;
			sourceTree = "<group>";
		};
		5A7DFC7223790B6700EE2363 /* LaunchScreen.storyboard */ = {
			isa = PBXVariantGroup;
			children = (
				5A7DFC7323790B6700EE2363 /* Base */,
			);
			name = LaunchScreen.storyboard;
			sourceTree = "<group>";
		};
/* End PBXVariantGroup section */

/* Begin XCBuildConfiguration section */
		5A7DFC8E23790B6700EE2363 /* Debug */ = {
			isa = XCBuildConfiguration;
			buildSettings = {
				ALWAYS_SEARCH_USER_PATHS = NO;
				CLANG_ANALYZER_NONNULL = YES;
				CLANG_ANALYZER_NUMBER_OBJECT_CONVERSION = YES_AGGRESSIVE;
				CLANG_CXX_LANGUAGE_STANDARD = "gnu++14";
				CLANG_CXX_LIBRARY = "libc++";
				CLANG_ENABLE_MODULES = YES;
				CLANG_ENABLE_OBJC_ARC = YES;
				CLANG_ENABLE_OBJC_WEAK = YES;
				CLANG_WARN_BLOCK_CAPTURE_AUTORELEASING = YES;
				CLANG_WARN_BOOL_CONVERSION = YES;
				CLANG_WARN_COMMA = YES;
				CLANG_WARN_CONSTANT_CONVERSION = YES;
				CLANG_WARN_DEPRECATED_OBJC_IMPLEMENTATIONS = YES;
				CLANG_WARN_DIRECT_OBJC_ISA_USAGE = YES_ERROR;
				CLANG_WARN_DOCUMENTATION_COMMENTS = YES;
				CLANG_WARN_EMPTY_BODY = YES;
				CLANG_WARN_ENUM_CONVERSION = YES;
				CLANG_WARN_INFINITE_RECURSION = YES;
				CLANG_WARN_INT_CONVERSION = YES;
				CLANG_WARN_NON_LITERAL_NULL_CONVERSION = YES;
				CLANG_WARN_OBJC_IMPLICIT_RETAIN_SELF = YES;
				CLANG_WARN_OBJC_LITERAL_CONVERSION = YES;
				CLANG_WARN_OBJC_ROOT_CLASS = YES_ERROR;
				CLANG_WARN_RANGE_LOOP_ANALYSIS = YES;
				CLANG_WARN_STRICT_PROTOTYPES = YES;
				CLANG_WARN_SUSPICIOUS_MOVE = YES;
				CLANG_WARN_UNGUARDED_AVAILABILITY = YES_AGGRESSIVE;
				CLANG_WARN_UNREACHABLE_CODE = YES;
				CLANG_WARN__DUPLICATE_METHOD_MATCH = YES;
				COPY_PHASE_STRIP = NO;
				DEBUG_INFORMATION_FORMAT = dwarf;
				ENABLE_STRICT_OBJC_MSGSEND = YES;
				ENABLE_TESTABILITY = YES;
				GCC_C_LANGUAGE_STANDARD = gnu11;
				GCC_DYNAMIC_NO_PIC = NO;
				GCC_NO_COMMON_BLOCKS = YES;
				GCC_OPTIMIZATION_LEVEL = 0;
				GCC_PREPROCESSOR_DEFINITIONS = (
					"DEBUG=1",
					"$(inherited)",
				);
				GCC_WARN_64_TO_32_BIT_CONVERSION = YES;
				GCC_WARN_ABOUT_RETURN_TYPE = YES_ERROR;
				GCC_WARN_UNDECLARED_SELECTOR = YES;
				GCC_WARN_UNINITIALIZED_AUTOS = YES_AGGRESSIVE;
				GCC_WARN_UNUSED_FUNCTION = YES;
				GCC_WARN_UNUSED_VARIABLE = YES;
				IPHONEOS_DEPLOYMENT_TARGET = 13.2;
				MTL_ENABLE_DEBUG_INFO = INCLUDE_SOURCE;
				MTL_FAST_MATH = YES;
				ONLY_ACTIVE_ARCH = YES;
				SDKROOT = iphoneos;
			};
			name = Debug;
		};
		5A7DFC8F23790B6700EE2363 /* Release */ = {
			isa = XCBuildConfiguration;
			buildSettings = {
				ALWAYS_SEARCH_USER_PATHS = NO;
				CLANG_ANALYZER_NONNULL = YES;
				CLANG_ANALYZER_NUMBER_OBJECT_CONVERSION = YES_AGGRESSIVE;
				CLANG_CXX_LANGUAGE_STANDARD = "gnu++14";
				CLANG_CXX_LIBRARY = "libc++";
				CLANG_ENABLE_MODULES = YES;
				CLANG_ENABLE_OBJC_ARC = YES;
				CLANG_ENABLE_OBJC_WEAK = YES;
				CLANG_WARN_BLOCK_CAPTURE_AUTORELEASING = YES;
				CLANG_WARN_BOOL_CONVERSION = YES;
				CLANG_WARN_COMMA = YES;
				CLANG_WARN_CONSTANT_CONVERSION = YES;
				CLANG_WARN_DEPRECATED_OBJC_IMPLEMENTATIONS = YES;
				CLANG_WARN_DIRECT_OBJC_ISA_USAGE = YES_ERROR;
				CLANG_WARN_DOCUMENTATION_COMMENTS = YES;
				CLANG_WARN_EMPTY_BODY = YES;
				CLANG_WARN_ENUM_CONVERSION = YES;
				CLANG_WARN_INFINITE_RECURSION = YES;
				CLANG_WARN_INT_CONVERSION = YES;
				CLANG_WARN_NON_LITERAL_NULL_CONVERSION = YES;
				CLANG_WARN_OBJC_IMPLICIT_RETAIN_SELF = YES;
				CLANG_WARN_OBJC_LITERAL_CONVERSION = YES;
				CLANG_WARN_OBJC_ROOT_CLASS = YES_ERROR;
				CLANG_WARN_RANGE_LOOP_ANALYSIS = YES;
				CLANG_WARN_STRICT_PROTOTYPES = YES;
				CLANG_WARN_SUSPICIOUS_MOVE = YES;
				CLANG_WARN_UNGUARDED_AVAILABILITY = YES_AGGRESSIVE;
				CLANG_WARN_UNREACHABLE_CODE = YES;
				CLANG_WARN__DUPLICATE_METHOD_MATCH = YES;
				COPY_PHASE_STRIP = NO;
				DEBUG_INFORMATION_FORMAT = "dwarf-with-dsym";
				ENABLE_NS_ASSERTIONS = NO;
				ENABLE_STRICT_OBJC_MSGSEND = YES;
				GCC_C_LANGUAGE_STANDARD = gnu11;
				GCC_NO_COMMON_BLOCKS = YES;
				GCC_WARN_64_TO_32_BIT_CONVERSION = YES;
				GCC_WARN_ABOUT_RETURN_TYPE = YES_ERROR;
				GCC_WARN_UNDECLARED_SELECTOR = YES;
				GCC_WARN_UNINITIALIZED_AUTOS = YES_AGGRESSIVE;
				GCC_WARN_UNUSED_FUNCTION = YES;
				GCC_WARN_UNUSED_VARIABLE = YES;
				IPHONEOS_DEPLOYMENT_TARGET = 13.2;
				MTL_ENABLE_DEBUG_INFO = NO;
				MTL_FAST_MATH = YES;
				SDKROOT = iphoneos;
				VALIDATE_PRODUCT = YES;
			};
			name = Release;
		};
		5A7DFC9123790B6700EE2363 /* Debug */ = {
			isa = XCBuildConfiguration;
			buildSettings = {
				ASSETCATALOG_COMPILER_APPICON_NAME = AppIcon;
				CODE_SIGN_STYLE = Automatic;
				DEVELOPMENT_TEAM = XBZTHD3YB7;
				INFOPLIST_FILE = "mei-demo66/Info.plist";
				LD_RUNPATH_SEARCH_PATHS = (
					"$(inherited)",
					"@executable_path/Frameworks",
				);
				PRODUCT_BUNDLE_IDENTIFIER = "zhengyan.info.mei-demo66";
				PRODUCT_NAME = "$(TARGET_NAME)";
				TARGETED_DEVICE_FAMILY = "1,2";
			};
			name = Debug;
		};
		5A7DFC9223790B6700EE2363 /* Release */ = {
			isa = XCBuildConfiguration;
			buildSettings = {
				ASSETCATALOG_COMPILER_APPICON_NAME = AppIcon;
				CODE_SIGN_STYLE = Automatic;
				DEVELOPMENT_TEAM = XBZTHD3YB7;
				INFOPLIST_FILE = "mei-demo66/Info.plist";
				LD_RUNPATH_SEARCH_PATHS = (
					"$(inherited)",
					"@executable_path/Frameworks",
				);
				PRODUCT_BUNDLE_IDENTIFIER = "zhengyan.info.mei-demo66";
				PRODUCT_NAME = "$(TARGET_NAME)";
				TARGETED_DEVICE_FAMILY = "1,2";
			};
			name = Release;
		};
		5A7DFC9423790B6700EE2363 /* Debug */ = {
			isa = XCBuildConfiguration;
			buildSettings = {
				BUNDLE_LOADER = "$(TEST_HOST)";
				CODE_SIGN_STYLE = Automatic;
				DEVELOPMENT_TEAM = XBZTHD3YB7;
				INFOPLIST_FILE = "mei-demo66Tests/Info.plist";
				IPHONEOS_DEPLOYMENT_TARGET = 13.2;
				LD_RUNPATH_SEARCH_PATHS = (
					"$(inherited)",
					"@executable_path/Frameworks",
					"@loader_path/Frameworks",
				);
				PRODUCT_BUNDLE_IDENTIFIER = "zhengyan.info.mei-demo66Tests";
				PRODUCT_NAME = "$(TARGET_NAME)";
				TARGETED_DEVICE_FAMILY = "1,2";
				TEST_HOST = "$(BUILT_PRODUCTS_DIR)/mei-demo66.app/mei-demo66";
			};
			name = Debug;
		};
		5A7DFC9523790B6700EE2363 /* Release */ = {
			isa = XCBuildConfiguration;
			buildSettings = {
				BUNDLE_LOADER = "$(TEST_HOST)";
				CODE_SIGN_STYLE = Automatic;
				DEVELOPMENT_TEAM = XBZTHD3YB7;
				INFOPLIST_FILE = "mei-demo66Tests/Info.plist";
				IPHONEOS_DEPLOYMENT_TARGET = 13.2;
				LD_RUNPATH_SEARCH_PATHS = (
					"$(inherited)",
					"@executable_path/Frameworks",
					"@loader_path/Frameworks",
				);
				PRODUCT_BUNDLE_IDENTIFIER = "zhengyan.info.mei-demo66Tests";
				PRODUCT_NAME = "$(TARGET_NAME)";
				TARGETED_DEVICE_FAMILY = "1,2";
				TEST_HOST = "$(BUILT_PRODUCTS_DIR)/mei-demo66.app/mei-demo66";
			};
			name = Release;
		};
		5A7DFC9723790B6700EE2363 /* Debug */ = {
			isa = XCBuildConfiguration;
			buildSettings = {
				CODE_SIGN_STYLE = Automatic;
				DEVELOPMENT_TEAM = XBZTHD3YB7;
				INFOPLIST_FILE = "mei-demo66UITests/Info.plist";
				LD_RUNPATH_SEARCH_PATHS = (
					"$(inherited)",
					"@executable_path/Frameworks",
					"@loader_path/Frameworks",
				);
				PRODUCT_BUNDLE_IDENTIFIER = "zhengyan.info.mei-demo66UITests";
				PRODUCT_NAME = "$(TARGET_NAME)";
				TARGETED_DEVICE_FAMILY = "1,2";
				TEST_TARGET_NAME = "mei-demo66";
			};
			name = Debug;
		};
		5A7DFC9823790B6700EE2363 /* Release */ = {
			isa = XCBuildConfiguration;
			buildSettings = {
				CODE_SIGN_STYLE = Automatic;
				DEVELOPMENT_TEAM = XBZTHD3YB7;
				INFOPLIST_FILE = "mei-demo66UITests/Info.plist";
				LD_RUNPATH_SEARCH_PATHS = (
					"$(inherited)",
					"@executable_path/Frameworks",
					"@loader_path/Frameworks",
				);
				PRODUCT_BUNDLE_IDENTIFIER = "zhengyan.info.mei-demo66UITests";
				PRODUCT_NAME = "$(TARGET_NAME)";
				TARGETED_DEVICE_FAMILY = "1,2";
				TEST_TARGET_NAME = "mei-demo66";
			};
			name = Release;
		};
/* End XCBuildConfiguration section */

/* Begin XCConfigurationList section */
		5A7DFC5923790B6600EE2363 /* Build configuration list for PBXProject "mei-demo66" */ = {
			isa = XCConfigurationList;
			buildConfigurations = (
				5A7DFC8E23790B6700EE2363 /* Debug */,
				5A7DFC8F23790B6700EE2363 /* Release */,
			);
			defaultConfigurationIsVisible = 0;
			defaultConfigurationName = Release;
		};
		5A7DFC9023790B6700EE2363 /* Build configuration list for PBXNativeTarget "mei-demo66" */ = {
			isa = XCConfigurationList;
			buildConfigurations = (
				5A7DFC9123790B6700EE2363 /* Debug */,
				5A7DFC9223790B6700EE2363 /* Release */,
			);
			defaultConfigurationIsVisible = 0;
			defaultConfigurationName = Release;
		};
		5A7DFC9323790B6700EE2363 /* Build configuration list for PBXNativeTarget "mei-demo66Tests" */ = {
			isa = XCConfigurationList;
			buildConfigurations = (
				5A7DFC9423790B6700EE2363 /* Debug */,
				5A7DFC9523790B6700EE2363 /* Release */,
			);
			defaultConfigurationIsVisible = 0;
			defaultConfigurationName = Release;
		};
		5A7DFC9623790B6700EE2363 /* Build configuration list for PBXNativeTarget "mei-demo66UITests" */ = {
			isa = XCConfigurationList;
			buildConfigurations = (
				5A7DFC9723790B6700EE2363 /* Debug */,
				5A7DFC9823790B6700EE2363 /* Release */,
			);
			defaultConfigurationIsVisible = 0;
			defaultConfigurationName = Release;
		};
/* End XCConfigurationList section */

/* Begin XCVersionGroup section */
		5A7DFC6D23790B6600EE2363 /* mei_demo66.xcdatamodeld */ = {
			isa = XCVersionGroup;
			children = (
				5A7DFC6E23790B6600EE2363 /* mei_demo66.xcdatamodel */,
			);
			currentVersion = 5A7DFC6E23790B6600EE2363 /* mei_demo66.xcdatamodel */;
			path = mei_demo66.xcdatamodeld;
			sourceTree = "<group>";
			versionGroupType = wrapper.xcdatamodel;
		};
/* End XCVersionGroup section */
	};
	rootObject = 5A7DFC5623790B6600EE2363 /* Project object */;
}
