// !$*UTF8*$!
{
	archiveVersion = 1;
	classes = {
	};
	objectVersion = 50;
	objects = {

/* Begin PBXBuildFile section */
		5A2F0C1323A9ED840028BC59 /* AppDelegate.swift in Sources */ = {isa = PBXBuildFile; fileRef = 5A2F0C1223A9ED840028BC59 /* AppDelegate.swift */; };
		5A2F0C1523A9ED840028BC59 /* ViewController.swift in Sources */ = {isa = PBXBuildFile; fileRef = 5A2F0C1423A9ED840028BC59 /* ViewController.swift */; };
		5A2F0C1823A9ED840028BC59 /* Main.storyboard in Resources */ = {isa = PBXBuildFile; fileRef = 5A2F0C1623A9ED840028BC59 /* Main.storyboard */; };
		5A2F0C1A23A9ED850028BC59 /* Assets.xcassets in Resources */ = {isa = PBXBuildFile; fileRef = 5A2F0C1923A9ED850028BC59 /* Assets.xcassets */; };
		5A2F0C1D23A9ED850028BC59 /* LaunchScreen.storyboard in Resources */ = {isa = PBXBuildFile; fileRef = 5A2F0C1B23A9ED850028BC59 /* LaunchScreen.storyboard */; };
		5A2F0C2823A9ED850028BC59 /* swift_demo1Tests.swift in Sources */ = {isa = PBXBuildFile; fileRef = 5A2F0C2723A9ED850028BC59 /* swift_demo1Tests.swift */; };
		5A2F0C3323A9ED850028BC59 /* swift_demo1UITests.swift in Sources */ = {isa = PBXBuildFile; fileRef = 5A2F0C3223A9ED850028BC59 /* swift_demo1UITests.swift */; };
/* End PBXBuildFile section */

/* Begin PBXContainerItemProxy section */
		5A2F0C2423A9ED850028BC59 /* PBXContainerItemProxy */ = {
			isa = PBXContainerItemProxy;
			containerPortal = 5A2F0C0723A9ED840028BC59 /* Project object */;
			proxyType = 1;
			remoteGlobalIDString = 5A2F0C0E23A9ED840028BC59;
			remoteInfo = "swift-demo1";
		};
		5A2F0C2F23A9ED850028BC59 /* PBXContainerItemProxy */ = {
			isa = PBXContainerItemProxy;
			containerPortal = 5A2F0C0723A9ED840028BC59 /* Project object */;
			proxyType = 1;
			remoteGlobalIDString = 5A2F0C0E23A9ED840028BC59;
			remoteInfo = "swift-demo1";
		};
/* End PBXContainerItemProxy section */

/* Begin PBXFileReference section */
		5A2F0C0F23A9ED840028BC59 /* swift-demo1.app */ = {isa = PBXFileReference; explicitFileType = wrapper.application; includeInIndex = 0; path = "swift-demo1.app"; sourceTree = BUILT_PRODUCTS_DIR; };
		5A2F0C1223A9ED840028BC59 /* AppDelegate.swift */ = {isa = PBXFileReference; lastKnownFileType = sourcecode.swift; path = AppDelegate.swift; sourceTree = "<group>"; };
		5A2F0C1423A9ED840028BC59 /* ViewController.swift */ = {isa = PBXFileReference; lastKnownFileType = sourcecode.swift; path = ViewController.swift; sourceTree = "<group>"; };
		5A2F0C1723A9ED840028BC59 /* Base */ = {isa = PBXFileReference; lastKnownFileType = file.storyboard; name = Base; path = Base.lproj/Main.storyboard; sourceTree = "<group>"; };
		5A2F0C1923A9ED850028BC59 /* Assets.xcassets */ = {isa = PBXFileReference; lastKnownFileType = folder.assetcatalog; path = Assets.xcassets; sourceTree = "<group>"; };
		5A2F0C1C23A9ED850028BC59 /* Base */ = {isa = PBXFileReference; lastKnownFileType = file.storyboard; name = Base; path = Base.lproj/LaunchScreen.storyboard; sourceTree = "<group>"; };
		5A2F0C1E23A9ED850028BC59 /* Info.plist */ = {isa = PBXFileReference; lastKnownFileType = text.plist.xml; path = Info.plist; sourceTree = "<group>"; };
		5A2F0C2323A9ED850028BC59 /* swift-demo1Tests.xctest */ = {isa = PBXFileReference; explicitFileType = wrapper.cfbundle; includeInIndex = 0; path = "swift-demo1Tests.xctest"; sourceTree = BUILT_PRODUCTS_DIR; };
		5A2F0C2723A9ED850028BC59 /* swift_demo1Tests.swift */ = {isa = PBXFileReference; lastKnownFileType = sourcecode.swift; path = swift_demo1Tests.swift; sourceTree = "<group>"; };
		5A2F0C2923A9ED850028BC59 /* Info.plist */ = {isa = PBXFileReference; lastKnownFileType = text.plist.xml; path = Info.plist; sourceTree = "<group>"; };
		5A2F0C2E23A9ED850028BC59 /* swift-demo1UITests.xctest */ = {isa = PBXFileReference; explicitFileType = wrapper.cfbundle; includeInIndex = 0; path = "swift-demo1UITests.xctest"; sourceTree = BUILT_PRODUCTS_DIR; };
		5A2F0C3223A9ED850028BC59 /* swift_demo1UITests.swift */ = {isa = PBXFileReference; lastKnownFileType = sourcecode.swift; path = swift_demo1UITests.swift; sourceTree = "<group>"; };
		5A2F0C3423A9ED850028BC59 /* Info.plist */ = {isa = PBXFileReference; lastKnownFileType = text.plist.xml; path = Info.plist; sourceTree = "<group>"; };
/* End PBXFileReference section */

/* Begin PBXFrameworksBuildPhase section */
		5A2F0C0C23A9ED840028BC59 /* Frameworks */ = {
			isa = PBXFrameworksBuildPhase;
			buildActionMask = 2147483647;
			files = (
			);
			runOnlyForDeploymentPostprocessing = 0;
		};
		5A2F0C2023A9ED850028BC59 /* Frameworks */ = {
			isa = PBXFrameworksBuildPhase;
			buildActionMask = 2147483647;
			files = (
			);
			runOnlyForDeploymentPostprocessing = 0;
		};
		5A2F0C2B23A9ED850028BC59 /* Frameworks */ = {
			isa = PBXFrameworksBuildPhase;
			buildActionMask = 2147483647;
			files = (
			);
			runOnlyForDeploymentPostprocessing = 0;
		};
/* End PBXFrameworksBuildPhase section */

/* Begin PBXGroup section */
		5A2F0C0623A9ED840028BC59 = {
			isa = PBXGroup;
			children = (
				5A2F0C1123A9ED840028BC59 /* swift-demo1 */,
				5A2F0C2623A9ED850028BC59 /* swift-demo1Tests */,
				5A2F0C3123A9ED850028BC59 /* swift-demo1UITests */,
				5A2F0C1023A9ED840028BC59 /* Products */,
			);
			sourceTree = "<group>";
		};
		5A2F0C1023A9ED840028BC59 /* Products */ = {
			isa = PBXGroup;
			children = (
				5A2F0C0F23A9ED840028BC59 /* swift-demo1.app */,
				5A2F0C2323A9ED850028BC59 /* swift-demo1Tests.xctest */,
				5A2F0C2E23A9ED850028BC59 /* swift-demo1UITests.xctest */,
			);
			name = Products;
			sourceTree = "<group>";
		};
		5A2F0C1123A9ED840028BC59 /* swift-demo1 */ = {
			isa = PBXGroup;
			children = (
				5A2F0C1223A9ED840028BC59 /* AppDelegate.swift */,
				5A2F0C1423A9ED840028BC59 /* ViewController.swift */,
				5A2F0C1623A9ED840028BC59 /* Main.storyboard */,
				5A2F0C1923A9ED850028BC59 /* Assets.xcassets */,
				5A2F0C1B23A9ED850028BC59 /* LaunchScreen.storyboard */,
				5A2F0C1E23A9ED850028BC59 /* Info.plist */,
			);
			path = "swift-demo1";
			sourceTree = "<group>";
		};
		5A2F0C2623A9ED850028BC59 /* swift-demo1Tests */ = {
			isa = PBXGroup;
			children = (
				5A2F0C2723A9ED850028BC59 /* swift_demo1Tests.swift */,
				5A2F0C2923A9ED850028BC59 /* Info.plist */,
			);
			path = "swift-demo1Tests";
			sourceTree = "<group>";
		};
		5A2F0C3123A9ED850028BC59 /* swift-demo1UITests */ = {
			isa = PBXGroup;
			children = (
				5A2F0C3223A9ED850028BC59 /* swift_demo1UITests.swift */,
				5A2F0C3423A9ED850028BC59 /* Info.plist */,
			);
			path = "swift-demo1UITests";
			sourceTree = "<group>";
		};
/* End PBXGroup section */

/* Begin PBXNativeTarget section */
		5A2F0C0E23A9ED840028BC59 /* swift-demo1 */ = {
			isa = PBXNativeTarget;
			buildConfigurationList = 5A2F0C3723A9ED860028BC59 /* Build configuration list for PBXNativeTarget "swift-demo1" */;
			buildPhases = (
				5A2F0C0B23A9ED840028BC59 /* Sources */,
				5A2F0C0C23A9ED840028BC59 /* Frameworks */,
				5A2F0C0D23A9ED840028BC59 /* Resources */,
			);
			buildRules = (
			);
			dependencies = (
			);
			name = "swift-demo1";
			productName = "swift-demo1";
			productReference = 5A2F0C0F23A9ED840028BC59 /* swift-demo1.app */;
			productType = "com.apple.product-type.application";
		};
		5A2F0C2223A9ED850028BC59 /* swift-demo1Tests */ = {
			isa = PBXNativeTarget;
			buildConfigurationList = 5A2F0C3A23A9ED860028BC59 /* Build configuration list for PBXNativeTarget "swift-demo1Tests" */;
			buildPhases = (
				5A2F0C1F23A9ED850028BC59 /* Sources */,
				5A2F0C2023A9ED850028BC59 /* Frameworks */,
				5A2F0C2123A9ED850028BC59 /* Resources */,
			);
			buildRules = (
			);
			dependencies = (
				5A2F0C2523A9ED850028BC59 /* PBXTargetDependency */,
			);
			name = "swift-demo1Tests";
			productName = "swift-demo1Tests";
			productReference = 5A2F0C2323A9ED850028BC59 /* swift-demo1Tests.xctest */;
			productType = "com.apple.product-type.bundle.unit-test";
		};
		5A2F0C2D23A9ED850028BC59 /* swift-demo1UITests */ = {
			isa = PBXNativeTarget;
			buildConfigurationList = 5A2F0C3D23A9ED860028BC59 /* Build configuration list for PBXNativeTarget "swift-demo1UITests" */;
			buildPhases = (
				5A2F0C2A23A9ED850028BC59 /* Sources */,
				5A2F0C2B23A9ED850028BC59 /* Frameworks */,
				5A2F0C2C23A9ED850028BC59 /* Resources */,
			);
			buildRules = (
			);
			dependencies = (
				5A2F0C3023A9ED850028BC59 /* PBXTargetDependency */,
			);
			name = "swift-demo1UITests";
			productName = "swift-demo1UITests";
			productReference = 5A2F0C2E23A9ED850028BC59 /* swift-demo1UITests.xctest */;
			productType = "com.apple.product-type.bundle.ui-testing";
		};
/* End PBXNativeTarget section */

/* Begin PBXProject section */
		5A2F0C0723A9ED840028BC59 /* Project object */ = {
			isa = PBXProject;
			attributes = {
				LastSwiftUpdateCheck = 1030;
				LastUpgradeCheck = 1030;
				ORGANIZATIONNAME = "徐彦军";
				TargetAttributes = {
					5A2F0C0E23A9ED840028BC59 = {
						CreatedOnToolsVersion = 10.3;
					};
					5A2F0C2223A9ED850028BC59 = {
						CreatedOnToolsVersion = 10.3;
						TestTargetID = 5A2F0C0E23A9ED840028BC59;
					};
					5A2F0C2D23A9ED850028BC59 = {
						CreatedOnToolsVersion = 10.3;
						TestTargetID = 5A2F0C0E23A9ED840028BC59;
					};
				};
			};
			buildConfigurationList = 5A2F0C0A23A9ED840028BC59 /* Build configuration list for PBXProject "swift-demo1" */;
			compatibilityVersion = "Xcode 9.3";
			developmentRegion = en;
			hasScannedForEncodings = 0;
			knownRegions = (
				en,
				Base,
			);
			mainGroup = 5A2F0C0623A9ED840028BC59;
			productRefGroup = 5A2F0C1023A9ED840028BC59 /* Products */;
			projectDirPath = "";
			projectRoot = "";
			targets = (
				5A2F0C0E23A9ED840028BC59 /* swift-demo1 */,
				5A2F0C2223A9ED850028BC59 /* swift-demo1Tests */,
				5A2F0C2D23A9ED850028BC59 /* swift-demo1UITests */,
			);
		};
/* End PBXProject section */

/* Begin PBXResourcesBuildPhase section */
		5A2F0C0D23A9ED840028BC59 /* Resources */ = {
			isa = PBXResourcesBuildPhase;
			buildActionMask = 2147483647;
			files = (
				5A2F0C1D23A9ED850028BC59 /* LaunchScreen.storyboard in Resources */,
				5A2F0C1A23A9ED850028BC59 /* Assets.xcassets in Resources */,
				5A2F0C1823A9ED840028BC59 /* Main.storyboard in Resources */,
			);
			runOnlyForDeploymentPostprocessing = 0;
		};
		5A2F0C2123A9ED850028BC59 /* Resources */ = {
			isa = PBXResourcesBuildPhase;
			buildActionMask = 2147483647;
			files = (
			);
			runOnlyForDeploymentPostprocessing = 0;
		};
		5A2F0C2C23A9ED850028BC59 /* Resources */ = {
			isa = PBXResourcesBuildPhase;
			buildActionMask = 2147483647;
			files = (
			);
			runOnlyForDeploymentPostprocessing = 0;
		};
/* End PBXResourcesBuildPhase section */

/* Begin PBXSourcesBuildPhase section */
		5A2F0C0B23A9ED840028BC59 /* Sources */ = {
			isa = PBXSourcesBuildPhase;
			buildActionMask = 2147483647;
			files = (
				5A2F0C1523A9ED840028BC59 /* ViewController.swift in Sources */,
				5A2F0C1323A9ED840028BC59 /* AppDelegate.swift in Sources */,
			);
			runOnlyForDeploymentPostprocessing = 0;
		};
		5A2F0C1F23A9ED850028BC59 /* Sources */ = {
			isa = PBXSourcesBuildPhase;
			buildActionMask = 2147483647;
			files = (
				5A2F0C2823A9ED850028BC59 /* swift_demo1Tests.swift in Sources */,
			);
			runOnlyForDeploymentPostprocessing = 0;
		};
		5A2F0C2A23A9ED850028BC59 /* Sources */ = {
			isa = PBXSourcesBuildPhase;
			buildActionMask = 2147483647;
			files = (
				5A2F0C3323A9ED850028BC59 /* swift_demo1UITests.swift in Sources */,
			);
			runOnlyForDeploymentPostprocessing = 0;
		};
/* End PBXSourcesBuildPhase section */

/* Begin PBXTargetDependency section */
		5A2F0C2523A9ED850028BC59 /* PBXTargetDependency */ = {
			isa = PBXTargetDependency;
			target = 5A2F0C0E23A9ED840028BC59 /* swift-demo1 */;
			targetProxy = 5A2F0C2423A9ED850028BC59 /* PBXContainerItemProxy */;
		};
		5A2F0C3023A9ED850028BC59 /* PBXTargetDependency */ = {
			isa = PBXTargetDependency;
			target = 5A2F0C0E23A9ED840028BC59 /* swift-demo1 */;
			targetProxy = 5A2F0C2F23A9ED850028BC59 /* PBXContainerItemProxy */;
		};
/* End PBXTargetDependency section */

/* Begin PBXVariantGroup section */
		5A2F0C1623A9ED840028BC59 /* Main.storyboard */ = {
			isa = PBXVariantGroup;
			children = (
				5A2F0C1723A9ED840028BC59 /* Base */,
			);
			name = Main.storyboard;
			sourceTree = "<group>";
		};
		5A2F0C1B23A9ED850028BC59 /* LaunchScreen.storyboard */ = {
			isa = PBXVariantGroup;
			children = (
				5A2F0C1C23A9ED850028BC59 /* Base */,
			);
			name = LaunchScreen.storyboard;
			sourceTree = "<group>";
		};
/* End PBXVariantGroup section */

/* Begin XCBuildConfiguration section */
		5A2F0C3523A9ED850028BC59 /* Debug */ = {
			isa = XCBuildConfiguration;
			buildSettings = {
				ALWAYS_SEARCH_USER_PATHS = NO;
				CLANG_ANALYZER_NONNULL = YES;
				CLANG_ANALYZER_NUMBER_OBJECT_CONVERSION = YES_AGGRESSIVE;
				CLANG_CXX_LANGUAGE_STANDARD = "gnu++14";
				CLANG_CXX_LIBRARY = "libc++";
				CLANG_ENABLE_MODULES = YES;
				CLANG_ENABLE_OBJC_ARC = YES;
				CLANG_ENABLE_OBJC_WEAK = YES;
				CLANG_WARN_BLOCK_CAPTURE_AUTORELEASING = YES;
				CLANG_WARN_BOOL_CONVERSION = YES;
				CLANG_WARN_COMMA = YES;
				CLANG_WARN_CONSTANT_CONVERSION = YES;
				CLANG_WARN_DEPRECATED_OBJC_IMPLEMENTATIONS = YES;
				CLANG_WARN_DIRECT_OBJC_ISA_USAGE = YES_ERROR;
				CLANG_WARN_DOCUMENTATION_COMMENTS = YES;
				CLANG_WARN_EMPTY_BODY = YES;
				CLANG_WARN_ENUM_CONVERSION = YES;
				CLANG_WARN_INFINITE_RECURSION = YES;
				CLANG_WARN_INT_CONVERSION = YES;
				CLANG_WARN_NON_LITERAL_NULL_CONVERSION = YES;
				CLANG_WARN_OBJC_IMPLICIT_RETAIN_SELF = YES;
				CLANG_WARN_OBJC_LITERAL_CONVERSION = YES;
				CLANG_WARN_OBJC_ROOT_CLASS = YES_ERROR;
				CLANG_WARN_RANGE_LOOP_ANALYSIS = YES;
				CLANG_WARN_STRICT_PROTOTYPES = YES;
				CLANG_WARN_SUSPICIOUS_MOVE = YES;
				CLANG_WARN_UNGUARDED_AVAILABILITY = YES_AGGRESSIVE;
				CLANG_WARN_UNREACHABLE_CODE = YES;
				CLANG_WARN__DUPLICATE_METHOD_MATCH = YES;
				CODE_SIGN_IDENTITY = "iPhone Developer";
				COPY_PHASE_STRIP = NO;
				DEBUG_INFORMATION_FORMAT = dwarf;
				ENABLE_STRICT_OBJC_MSGSEND = YES;
				ENABLE_TESTABILITY = YES;
				GCC_C_LANGUAGE_STANDARD = gnu11;
				GCC_DYNAMIC_NO_PIC = NO;
				GCC_NO_COMMON_BLOCKS = YES;
				GCC_OPTIMIZATION_LEVEL = 0;
				GCC_PREPROCESSOR_DEFINITIONS = (
					"DEBUG=1",
					"$(inherited)",
				);
				GCC_WARN_64_TO_32_BIT_CONVERSION = YES;
				GCC_WARN_ABOUT_RETURN_TYPE = YES_ERROR;
				GCC_WARN_UNDECLARED_SELECTOR = YES;
				GCC_WARN_UNINITIALIZED_AUTOS = YES_AGGRESSIVE;
				GCC_WARN_UNUSED_FUNCTION = YES;
				GCC_WARN_UNUSED_VARIABLE = YES;
				IPHONEOS_DEPLOYMENT_TARGET = 12.4;
				MTL_ENABLE_DEBUG_INFO = INCLUDE_SOURCE;
				MTL_FAST_MATH = YES;
				ONLY_ACTIVE_ARCH = YES;
				SDKROOT = iphoneos;
				SWIFT_ACTIVE_COMPILATION_CONDITIONS = DEBUG;
				SWIFT_OPTIMIZATION_LEVEL = "-Onone";
			};
			name = Debug;
		};
		5A2F0C3623A9ED850028BC59 /* Release */ = {
			isa = XCBuildConfiguration;
			buildSettings = {
				ALWAYS_SEARCH_USER_PATHS = NO;
				CLANG_ANALYZER_NONNULL = YES;
				CLANG_ANALYZER_NUMBER_OBJECT_CONVERSION = YES_AGGRESSIVE;
				CLANG_CXX_LANGUAGE_STANDARD = "gnu++14";
				CLANG_CXX_LIBRARY = "libc++";
				CLANG_ENABLE_MODULES = YES;
				CLANG_ENABLE_OBJC_ARC = YES;
				CLANG_ENABLE_OBJC_WEAK = YES;
				CLANG_WARN_BLOCK_CAPTURE_AUTORELEASING = YES;
				CLANG_WARN_BOOL_CONVERSION = YES;
				CLANG_WARN_COMMA = YES;
				CLANG_WARN_CONSTANT_CONVERSION = YES;
				CLANG_WARN_DEPRECATED_OBJC_IMPLEMENTATIONS = YES;
				CLANG_WARN_DIRECT_OBJC_ISA_USAGE = YES_ERROR;
				CLANG_WARN_DOCUMENTATION_COMMENTS = YES;
				CLANG_WARN_EMPTY_BODY = YES;
				CLANG_WARN_ENUM_CONVERSION = YES;
				CLANG_WARN_INFINITE_RECURSION = YES;
				CLANG_WARN_INT_CONVERSION = YES;
				CLANG_WARN_NON_LITERAL_NULL_CONVERSION = YES;
				CLANG_WARN_OBJC_IMPLICIT_RETAIN_SELF = YES;
				CLANG_WARN_OBJC_LITERAL_CONVERSION = YES;
				CLANG_WARN_OBJC_ROOT_CLASS = YES_ERROR;
				CLANG_WARN_RANGE_LOOP_ANALYSIS = YES;
				CLANG_WARN_STRICT_PROTOTYPES = YES;
				CLANG_WARN_SUSPICIOUS_MOVE = YES;
				CLANG_WARN_UNGUARDED_AVAILABILITY = YES_AGGRESSIVE;
				CLANG_WARN_UNREACHABLE_CODE = YES;
				CLANG_WARN__DUPLICATE_METHOD_MATCH = YES;
				CODE_SIGN_IDENTITY = "iPhone Developer";
				COPY_PHASE_STRIP = NO;
				DEBUG_INFORMATION_FORMAT = "dwarf-with-dsym";
				ENABLE_NS_ASSERTIONS = NO;
				ENABLE_STRICT_OBJC_MSGSEND = YES;
				GCC_C_LANGUAGE_STANDARD = gnu11;
				GCC_NO_COMMON_BLOCKS = YES;
				GCC_WARN_64_TO_32_BIT_CONVERSION = YES;
				GCC_WARN_ABOUT_RETURN_TYPE = YES_ERROR;
				GCC_WARN_UNDECLARED_SELECTOR = YES;
				GCC_WARN_UNINITIALIZED_AUTOS = YES_AGGRESSIVE;
				GCC_WARN_UNUSED_FUNCTION = YES;
				GCC_WARN_UNUSED_VARIABLE = YES;
				IPHONEOS_DEPLOYMENT_TARGET = 12.4;
				MTL_ENABLE_DEBUG_INFO = NO;
				MTL_FAST_MATH = YES;
				SDKROOT = iphoneos;
				SWIFT_COMPILATION_MODE = wholemodule;
				SWIFT_OPTIMIZATION_LEVEL = "-O";
				VALIDATE_PRODUCT = YES;
			};
			name = Release;
		};
		5A2F0C3823A9ED860028BC59 /* Debug */ = {
			isa = XCBuildConfiguration;
			buildSettings = {
				ASSETCATALOG_COMPILER_APPICON_NAME = AppIcon;
				CODE_SIGN_STYLE = Automatic;
				DEVELOPMENT_TEAM = XBZTHD3YB7;
				INFOPLIST_FILE = "swift-demo1/Info.plist";
				LD_RUNPATH_SEARCH_PATHS = (
					"$(inherited)",
					"@executable_path/Frameworks",
				);
				PRODUCT_BUNDLE_IDENTIFIER = "zhengyan.info.swift-demo1";
				PRODUCT_NAME = "$(TARGET_NAME)";
				SWIFT_VERSION = 5.0;
				TARGETED_DEVICE_FAMILY = "1,2";
			};
			name = Debug;
		};
		5A2F0C3923A9ED860028BC59 /* Release */ = {
			isa = XCBuildConfiguration;
			buildSettings = {
				ASSETCATALOG_COMPILER_APPICON_NAME = AppIcon;
				CODE_SIGN_STYLE = Automatic;
				DEVELOPMENT_TEAM = XBZTHD3YB7;
				INFOPLIST_FILE = "swift-demo1/Info.plist";
				LD_RUNPATH_SEARCH_PATHS = (
					"$(inherited)",
					"@executable_path/Frameworks",
				);
				PRODUCT_BUNDLE_IDENTIFIER = "zhengyan.info.swift-demo1";
				PRODUCT_NAME = "$(TARGET_NAME)";
				SWIFT_VERSION = 5.0;
				TARGETED_DEVICE_FAMILY = "1,2";
			};
			name = Release;
		};
		5A2F0C3B23A9ED860028BC59 /* Debug */ = {
			isa = XCBuildConfiguration;
			buildSettings = {
				ALWAYS_EMBED_SWIFT_STANDARD_LIBRARIES = YES;
				BUNDLE_LOADER = "$(TEST_HOST)";
				CODE_SIGN_STYLE = Automatic;
				DEVELOPMENT_TEAM = XBZTHD3YB7;
				INFOPLIST_FILE = "swift-demo1Tests/Info.plist";
				LD_RUNPATH_SEARCH_PATHS = (
					"$(inherited)",
					"@executable_path/Frameworks",
					"@loader_path/Frameworks",
				);
				PRODUCT_BUNDLE_IDENTIFIER = "zhengyan.info.swift-demo1Tests";
				PRODUCT_NAME = "$(TARGET_NAME)";
				SWIFT_VERSION = 5.0;
				TARGETED_DEVICE_FAMILY = "1,2";
				TEST_HOST = "$(BUILT_PRODUCTS_DIR)/swift-demo1.app/swift-demo1";
			};
			name = Debug;
		};
		5A2F0C3C23A9ED860028BC59 /* Release */ = {
			isa = XCBuildConfiguration;
			buildSettings = {
				ALWAYS_EMBED_SWIFT_STANDARD_LIBRARIES = YES;
				BUNDLE_LOADER = "$(TEST_HOST)";
				CODE_SIGN_STYLE = Automatic;
				DEVELOPMENT_TEAM = XBZTHD3YB7;
				INFOPLIST_FILE = "swift-demo1Tests/Info.plist";
				LD_RUNPATH_SEARCH_PATHS = (
					"$(inherited)",
					"@executable_path/Frameworks",
					"@loader_path/Frameworks",
				);
				PRODUCT_BUNDLE_IDENTIFIER = "zhengyan.info.swift-demo1Tests";
				PRODUCT_NAME = "$(TARGET_NAME)";
				SWIFT_VERSION = 5.0;
				TARGETED_DEVICE_FAMILY = "1,2";
				TEST_HOST = "$(BUILT_PRODUCTS_DIR)/swift-demo1.app/swift-demo1";
			};
			name = Release;
		};
		5A2F0C3E23A9ED860028BC59 /* Debug */ = {
			isa = XCBuildConfiguration;
			buildSettings = {
				ALWAYS_EMBED_SWIFT_STANDARD_LIBRARIES = YES;
				CODE_SIGN_STYLE = Automatic;
				DEVELOPMENT_TEAM = XBZTHD3YB7;
				INFOPLIST_FILE = "swift-demo1UITests/Info.plist";
				LD_RUNPATH_SEARCH_PATHS = (
					"$(inherited)",
					"@executable_path/Frameworks",
					"@loader_path/Frameworks",
				);
				PRODUCT_BUNDLE_IDENTIFIER = "zhengyan.info.swift-demo1UITests";
				PRODUCT_NAME = "$(TARGET_NAME)";
				SWIFT_VERSION = 5.0;
				TARGETED_DEVICE_FAMILY = "1,2";
				TEST_TARGET_NAME = "swift-demo1";
			};
			name = Debug;
		};
		5A2F0C3F23A9ED860028BC59 /* Release */ = {
			isa = XCBuildConfiguration;
			buildSettings = {
				ALWAYS_EMBED_SWIFT_STANDARD_LIBRARIES = YES;
				CODE_SIGN_STYLE = Automatic;
				DEVELOPMENT_TEAM = XBZTHD3YB7;
				INFOPLIST_FILE = "swift-demo1UITests/Info.plist";
				LD_RUNPATH_SEARCH_PATHS = (
					"$(inherited)",
					"@executable_path/Frameworks",
					"@loader_path/Frameworks",
				);
				PRODUCT_BUNDLE_IDENTIFIER = "zhengyan.info.swift-demo1UITests";
				PRODUCT_NAME = "$(TARGET_NAME)";
				SWIFT_VERSION = 5.0;
				TARGETED_DEVICE_FAMILY = "1,2";
				TEST_TARGET_NAME = "swift-demo1";
			};
			name = Release;
		};
/* End XCBuildConfiguration section */

/* Begin XCConfigurationList section */
		5A2F0C0A23A9ED840028BC59 /* Build configuration list for PBXProject "swift-demo1" */ = {
			isa = XCConfigurationList;
			buildConfigurations = (
				5A2F0C3523A9ED850028BC59 /* Debug */,
				5A2F0C3623A9ED850028BC59 /* Release */,
			);
			defaultConfigurationIsVisible = 0;
			defaultConfigurationName = Release;
		};
		5A2F0C3723A9ED860028BC59 /* Build configuration list for PBXNativeTarget "swift-demo1" */ = {
			isa = XCConfigurationList;
			buildConfigurations = (
				5A2F0C3823A9ED860028BC59 /* Debug */,
				5A2F0C3923A9ED860028BC59 /* Release */,
			);
			defaultConfigurationIsVisible = 0;
			defaultConfigurationName = Release;
		};
		5A2F0C3A23A9ED860028BC59 /* Build configuration list for PBXNativeTarget "swift-demo1Tests" */ = {
			isa = XCConfigurationList;
			buildConfigurations = (
				5A2F0C3B23A9ED860028BC59 /* Debug */,
				5A2F0C3C23A9ED860028BC59 /* Release */,
			);
			defaultConfigurationIsVisible = 0;
			defaultConfigurationName = Release;
		};
		5A2F0C3D23A9ED860028BC59 /* Build configuration list for PBXNativeTarget "swift-demo1UITests" */ = {
			isa = XCConfigurationList;
			buildConfigurations = (
				5A2F0C3E23A9ED860028BC59 /* Debug */,
				5A2F0C3F23A9ED860028BC59 /* Release */,
			);
			defaultConfigurationIsVisible = 0;
			defaultConfigurationName = Release;
		};
/* End XCConfigurationList section */
	};
	rootObject = 5A2F0C0723A9ED840028BC59 /* Project object */;
}
